github.com/lllk140/gh2 v0.0.0-20221026060024-a9b1a64405a9 h1:0Ge9FkUjVVTN9rpJdgcYplwt5bF77lPbSCeAFlQh64I=
github.com/lllk140/gh2 v0.0.0-20221026060024-a9b1a64405a9/go.mod h1:AWVkaYwG+kJAHXtRBsxk2G9pF3fhnFUzsVaCfBSNCkI=
github.com/lllk140/gh2 v0.0.0-20230316074412-519271b5f94a h1:m70FSI+3132dIt5u94S3r0Gw1P+llNHI0hfdJuqoSkE=
github.com/lllk140/gh2 v0.0.0-20230316074412-519271b5f94a/go.mod h1:arOHIsTS+vpQjOxQ4rrZGpFuBHW2vm8cJcw83hysY6I=
golang.org/x/net v0.1.0 h1:hZ/3BUoy5aId7sCpA/Tc5lt8DkFgdVS2onTpJsZ/fl0=
golang.org/x/net v0.1.0/go.mod h1:Cx3nUiGt4eDBEyega/BKRp+/AlGL8hYe7U9odMt2Cco=
golang.org/x/net v0.8.0 h1:Zrh2ngAOFYneWTAIAPethzeaQLuHwhuBkuV6ZiRnUaQ=
golang.org/x/net v0.8.0/go.mod h1:QVkue5JL9kW//ek3r6jTKnTFis1tRmNAW2P1shuFdJc=
golang.org/x/text v0.4.0 h1:BrVqGRd7+k1DiOgtnFvAkoQEWQvBc25ouMJM6429SFg=
golang.org/x/text v0.4.0/go.mod h1:mrYo+phRRbMaCq/xk9113O4dZlRixOauAjOtrjsXDZ8=
golang.org/x/text v0.8.0 h1:57P1ETyNKtuIjB4SRd15iJxuhj8Gc416Y78H3qgMh68=
golang.org/x/text v0.8.0/go.mod h1:e1OnstbJyHTd6l/uOt8jFFHp6TRDWZR/bV3emEE/zU8=
